{
  "originHash" : "e87e01f54ed373c08df8602a748346a0f0c6665452330ebc255c3732da118ce9",
  "pins" : [
    {
      "identity" : "swift-argument-parser",
      "kind" : "remoteSourceControl",
      "location" : "https://github.com/apple/swift-argument-parser.git",
      "state" : {
        "revision" : "41982a3656a71c768319979febd796c6fd111d5c",
        "version" : "1.5.0"
      }
    },
    {
      "identity" : "swift-mmio",
      "kind" : "remoteSourceControl",
      "location" : "https://github.com/apple/swift-mmio",
      "state" : {
        "branch" : "main",
        "revision" : "5232c5129a8c70beafc3d6acfbae2716c1b6822a"
      }
    },
    {
      "identity" : "swift-numerics",
      "kind" : "remoteSourceControl",
      "location" : "https://github.com/ebariaux/swift-numerics",
      "state" : {
        "branch" : "main",
        "revision" : "d46e20b4c551db3ea708b2358967bede1a4dbf0d"
      }
    },
    {
      "identity" : "swift-syntax",
      "kind" : "remoteSourceControl",
      "location" : "https://github.com/swiftlang/swift-syntax.git",
      "state" : {
        "revision" : "0687f71944021d616d34d922343dcef086855920",
        "version" : "600.0.1"
      }
    }
  ],
  "version" : 3
}
